
Microsoft Visual Studio Solution File, Format Version 12.00
# Visual Studio Version 16
VisualStudioVersion = 16.0.31515.178
MinimumVisualStudioVersion = 10.0.40219.1
Project("{8BC9CEB8-8B4A-11D0-8D11-00A0C91BC942}") = "Sporttracker", "Sporttracker\Sporttracker.vcxproj", "{F4929EB8-14D5-429C-B5F4-CBFFB0EEEEBA}"
EndProject
Project("{8BC9CEB8-8B4A-11D0-8D11-00A0C91BC942}") = "Diverses", "Diverses\Diverses.vcxproj", "{B62675F7-B823-4522-AA80-041FAD0AD0FF}"
EndProject
Global
	GlobalSection(SolutionConfigurationPlatforms) = preSolution
		Debug|x64 = Debug|x64
		Debug|x86 = Debug|x86
		Release|x64 = Release|x64
		Release|x86 = Release|x86
	EndGlobalSection
	GlobalSection(ProjectConfigurationPlatforms) = postSolution
		{F4929EB8-14D5-429C-B5F4-CBFFB0EEEEBA}.Debug|x64.ActiveCfg = Debug|x64
		{F4929EB8-14D5-429C-B5F4-CBFFB0EEEEBA}.Debug|x64.Build.0 = Debug|x64
		{F4929EB8-14D5-429C-B5F4-CBFFB0EEEEBA}.Debug|x86.ActiveCfg = Debug|Win32
		{F4929EB8-14D5-429C-B5F4-CBFFB0EEEEBA}.Debug|x86.Build.0 = Debug|Win32
		{F4929EB8-14D5-429C-B5F4-CBFFB0EEEEBA}.Release|x64.ActiveCfg = Release|x64
		{F4929EB8-14D5-429C-B5F4-CBFFB0EEEEBA}.Release|x64.Build.0 = Release|x64
		{F4929EB8-14D5-429C-B5F4-CBFFB0EEEEBA}.Release|x86.ActiveCfg = Release|Win32
		{F4929EB8-14D5-429C-B5F4-CBFFB0EEEEBA}.Release|x86.Build.0 = Release|Win32
		{B62675F7-B823-4522-AA80-041FAD0AD0FF}.Debug|x64.ActiveCfg = Debug|x64
		{B62675F7-B823-4522-AA80-041FAD0AD0FF}.Debug|x64.Build.0 = Debug|x64
		{B62675F7-B823-4522-AA80-041FAD0AD0FF}.Debug|x86.ActiveCfg = Debug|Win32
		{B62675F7-B823-4522-AA80-041FAD0AD0FF}.Debug|x86.Build.0 = Debug|Win32
		{B62675F7-B823-4522-AA80-041FAD0AD0FF}.Release|x64.ActiveCfg = Release|x64
		{B62675F7-B823-4522-AA80-041FAD0AD0FF}.Release|x64.Build.0 = Release|x64
		{B62675F7-B823-4522-AA80-041FAD0AD0FF}.Release|x86.ActiveCfg = Release|Win32
		{B62675F7-B823-4522-AA80-041FAD0AD0FF}.Release|x86.Build.0 = Release|Win32
	EndGlobalSection
	GlobalSection(SolutionProperties) = preSolution
		HideSolutionNode = FALSE
	EndGlobalSection
	GlobalSection(ExtensibilityGlobals) = postSolution
		SolutionGuid = {02D0813A-9BEF-492D-A45F-6668CB64B1F7}
	EndGlobalSection
EndGlobal
