
Microsoft Visual Studio Solution File, Format Version 12.00
# Visual Studio Version 17
VisualStudioVersion = 17.3.32825.248
MinimumVisualStudioVersion = 10.0.40219.1
Project("{FAE04EC0-301F-11D3-BF4B-00C04F79EFBC}") = "DiceTestApp", "DiceTestApp\DiceTestApp.csproj", "{2BC1151D-A37D-4CF5-868B-689E304EDE55}"
EndProject
Project("{FAE04EC0-301F-11D3-BF4B-00C04F79EFBC}") = "DiceEngine", "DiceEngine\DiceEngine.csproj", "{A0ACE6BE-5E2C-4AEA-BAC1-E63B1991DD6F}"
EndProject
Global
	GlobalSection(SolutionConfigurationPlatforms) = preSolution
		Debug|Any CPU = Debug|Any CPU
		Release|Any CPU = Release|Any CPU
	EndGlobalSection
	GlobalSection(ProjectConfigurationPlatforms) = postSolution
		{2BC1151D-A37D-4CF5-868B-689E304EDE55}.Debug|Any CPU.ActiveCfg = Debug|Any CPU
		{2BC1151D-A37D-4CF5-868B-689E304EDE55}.Debug|Any CPU.Build.0 = Debug|Any CPU
		{2BC1151D-A37D-4CF5-868B-689E304EDE55}.Release|Any CPU.ActiveCfg = Release|Any CPU
		{2BC1151D-A37D-4CF5-868B-689E304EDE55}.Release|Any CPU.Build.0 = Release|Any CPU
		{A0ACE6BE-5E2C-4AEA-BAC1-E63B1991DD6F}.Debug|Any CPU.ActiveCfg = Debug|Any CPU
		{A0ACE6BE-5E2C-4AEA-BAC1-E63B1991DD6F}.Debug|Any CPU.Build.0 = Debug|Any CPU
		{A0ACE6BE-5E2C-4AEA-BAC1-E63B1991DD6F}.Release|Any CPU.ActiveCfg = Release|Any CPU
		{A0ACE6BE-5E2C-4AEA-BAC1-E63B1991DD6F}.Release|Any CPU.Build.0 = Release|Any CPU
	EndGlobalSection
	GlobalSection(SolutionProperties) = preSolution
		HideSolutionNode = FALSE
	EndGlobalSection
	GlobalSection(ExtensibilityGlobals) = postSolution
		SolutionGuid = {668F7328-838F-4BE9-8BD4-B535F1B7875E}
	EndGlobalSection
EndGlobal
