
Microsoft Visual Studio Solution File, Format Version 12.00
# Visual Studio Version 17
VisualStudioVersion = 17.4.33110.190
MinimumVisualStudioVersion = 10.0.40219.1
Project("{9A19103F-16F7-4668-BE54-9A1E7A4F7556}") = "AasServer", "AasServerSample\AasServer.csproj", "{10E0B7F7-93F4-4FA3-9EC2-2807236F659B}"
	ProjectSection(ProjectDependencies) = postProject
		{3D4B4AB4-22BC-472F-9299-814A9EC91DB9} = {3D4B4AB4-22BC-472F-9299-814A9EC91DB9}
	EndProjectSection
EndProject
Project("{9A19103F-16F7-4668-BE54-9A1E7A4F7556}") = "ModBus", "ModBus\ModBus.csproj", "{E02821C1-6742-4315-8A93-23DDEAB2380E}"
EndProject
Project("{FAE04EC0-301F-11D3-BF4B-00C04F79EFBC}") = "IndustryEngine", "IndustrieEngine\IndustryEngine.csproj", "{3D4B4AB4-22BC-472F-9299-814A9EC91DB9}"
	ProjectSection(ProjectDependencies) = postProject
		{E02821C1-6742-4315-8A93-23DDEAB2380E} = {E02821C1-6742-4315-8A93-23DDEAB2380E}
	EndProjectSection
EndProject
Global
	GlobalSection(SolutionConfigurationPlatforms) = preSolution
		Debug|Any CPU = Debug|Any CPU
		Release|Any CPU = Release|Any CPU
	EndGlobalSection
	GlobalSection(ProjectConfigurationPlatforms) = postSolution
		{10E0B7F7-93F4-4FA3-9EC2-2807236F659B}.Debug|Any CPU.ActiveCfg = Debug|Any CPU
		{10E0B7F7-93F4-4FA3-9EC2-2807236F659B}.Debug|Any CPU.Build.0 = Debug|Any CPU
		{10E0B7F7-93F4-4FA3-9EC2-2807236F659B}.Release|Any CPU.ActiveCfg = Release|Any CPU
		{10E0B7F7-93F4-4FA3-9EC2-2807236F659B}.Release|Any CPU.Build.0 = Release|Any CPU
		{E02821C1-6742-4315-8A93-23DDEAB2380E}.Debug|Any CPU.ActiveCfg = Debug|Any CPU
		{E02821C1-6742-4315-8A93-23DDEAB2380E}.Debug|Any CPU.Build.0 = Debug|Any CPU
		{E02821C1-6742-4315-8A93-23DDEAB2380E}.Release|Any CPU.ActiveCfg = Release|Any CPU
		{E02821C1-6742-4315-8A93-23DDEAB2380E}.Release|Any CPU.Build.0 = Release|Any CPU
		{3D4B4AB4-22BC-472F-9299-814A9EC91DB9}.Debug|Any CPU.ActiveCfg = Debug|Any CPU
		{3D4B4AB4-22BC-472F-9299-814A9EC91DB9}.Debug|Any CPU.Build.0 = Debug|Any CPU
		{3D4B4AB4-22BC-472F-9299-814A9EC91DB9}.Release|Any CPU.ActiveCfg = Release|Any CPU
		{3D4B4AB4-22BC-472F-9299-814A9EC91DB9}.Release|Any CPU.Build.0 = Release|Any CPU
	EndGlobalSection
	GlobalSection(SolutionProperties) = preSolution
		HideSolutionNode = FALSE
	EndGlobalSection
	GlobalSection(ExtensibilityGlobals) = postSolution
		SolutionGuid = {467AE54B-E46D-4EC4-AC97-213AFCE8EDA6}
	EndGlobalSection
EndGlobal
